
Microsoft Visual Studio Solution File, Format Version 12.00
# Visual Studio 15
VisualStudioVersion = 15.0.28307.1082
MinimumVisualStudioVersion = 10.0.40219.1
Project("{FAE04EC0-301F-11D3-BF4B-00C04F79EFBC}") = "VideoSteganography", "VideoSteganography\VideoSteganography.csproj", "{FCCD6ABD-B2F8-41BA-80C4-9A205F8FF1CD}"
EndProject
Global
	GlobalSection(SolutionConfigurationPlatforms) = preSolution
		Debug|Any CPU = Debug|Any CPU
		Release|Any CPU = Release|Any CPU
	EndGlobalSection
	GlobalSection(ProjectConfigurationPlatforms) = postSolution
		{FCCD6ABD-B2F8-41BA-80C4-9A205F8FF1CD}.Debug|Any CPU.ActiveCfg = Debug|Any CPU
		{FCCD6ABD-B2F8-41BA-80C4-9A205F8FF1CD}.Debug|Any CPU.Build.0 = Debug|Any CPU
		{FCCD6ABD-B2F8-41BA-80C4-9A205F8FF1CD}.Release|Any CPU.ActiveCfg = Release|Any CPU
		{FCCD6ABD-B2F8-41BA-80C4-9A205F8FF1CD}.Release|Any CPU.Build.0 = Release|Any CPU
	EndGlobalSection
	GlobalSection(SolutionProperties) = preSolution
		HideSolutionNode = FALSE
	EndGlobalSection
	GlobalSection(ExtensibilityGlobals) = postSolution
		SolutionGuid = {1F79E20C-FEC2-4239-AE3B-3ECD42BE59E3}
	EndGlobalSection
EndGlobal
